{
  "name": "ngdb",
  "version": "0.1.0",
  "lockfileVersion": 3,
  "requires": true,
  "packages": {
    "": {
      "name": "ngdb",
      "version": "0.1.0",
      "license": "MIT OR Apache-2.0",
      "dependencies": {
        "ndb": "file:./ndb/napi",
        "nvdb": "file:./nvdb/napi"
      },
      "engines": {
        "node": ">= 18"
      }
    },
    "ndb/napi": {
      "name": "ndb",
      "version": "0.1.0",
      "license": "MIT OR Apache-2.0",
      "engines": {
        "node": ">= 16"
      }
    },
    "node_modules/ndb": {
      "resolved": "ndb/napi",
      "link": true
    },
    "node_modules/nvdb": {
      "resolved": "nvdb/napi",
      "link": true
    },
    "nvdb/napi": {
      "name": "nvdb-node",
      "version": "0.1.0",
      "license": "MIT OR Apache-2.0",
      "engines": {
        "node": ">= 16"
      }
    }
  }
}
