{
  "name": "ngdb",
  "version": "0.1.0",
  "lockfileVersion": 3,
  "requires": true,
  "packages": {
    "": {
      "name": "ngdb",
      "version": "0.1.0",
      "license": "MIT OR Apache-2.0",
      "dependencies": {
        "dotenv": "^17.3.1",
        "ndb": "file:./ndb/napi",
        "nvdb": "file:./nvdb/napi"
      },
      "engines": {
        "node": ">= 18"
      }
    },
    "ndb/napi": {
      "name": "ndb",
      "version": "0.1.0",
      "license": "MIT OR Apache-2.0",
      "engines": {
        "node": ">= 16"
      }
    },
    "node_modules/dotenv": {
      "version": "17.3.1",
      "resolved": "https://registry.npmjs.org/dotenv/-/dotenv-17.3.1.tgz",
      "integrity": "sha512-IO8C/dzEb6O3F9/twg6ZLXz164a2fhTnEWb95H23Dm4OuN+92NmEAlTrupP9VW6Jm3sO26tQlqyvyi4CsnY9GA==",
      "license": "BSD-2-Clause",
      "engines": {
        "node": ">=12"
      },
      "funding": {
        "url": "https://dotenvx.com"
      }
    },
    "node_modules/ndb": {
      "resolved": "ndb/napi",
      "link": true
    },
    "node_modules/nvdb": {
      "resolved": "nvdb/napi",
      "link": true
    },
    "nvdb/napi": {
      "name": "nvdb-node",
      "version": "0.1.0",
      "license": "MIT OR Apache-2.0",
      "engines": {
        "node": ">= 16"
      }
    }
  }
}
